
Microsoft Visual Studio Solution File, Format Version 12.00
# Visual Studio Version 17
VisualStudioVersion = 17.7.34024.191
MinimumVisualStudioVersion = 10.0.40219.1
Project("{FAE04EC0-301F-11D3-BF4B-00C04F79EFBC}") = "homework due dates program", "homework due dates program.csproj", "{F4E39E66-70FC-4E82-BE22-A111B163BF7A}"
EndProject
Global
	GlobalSection(SolutionConfigurationPlatforms) = preSolution
		Debug|Any CPU = Debug|Any CPU
		Release|Any CPU = Release|Any CPU
	EndGlobalSection
	GlobalSection(ProjectConfigurationPlatforms) = postSolution
		{F4E39E66-70FC-4E82-BE22-A111B163BF7A}.Debug|Any CPU.ActiveCfg = Debug|Any CPU
		{F4E39E66-70FC-4E82-BE22-A111B163BF7A}.Debug|Any CPU.Build.0 = Debug|Any CPU
		{F4E39E66-70FC-4E82-BE22-A111B163BF7A}.Release|Any CPU.ActiveCfg = Release|Any CPU
		{F4E39E66-70FC-4E82-BE22-A111B163BF7A}.Release|Any CPU.Build.0 = Release|Any CPU
	EndGlobalSection
	GlobalSection(SolutionProperties) = preSolution
		HideSolutionNode = FALSE
	EndGlobalSection
	GlobalSection(ExtensibilityGlobals) = postSolution
		SolutionGuid = {43D47F53-7F14-4229-968B-B537AE14B803}
	EndGlobalSection
EndGlobal
